
Microsoft Visual Studio Solution File, Format Version 12.00
# Visual Studio Version 16
VisualStudioVersion = 16.0.30907.101
MinimumVisualStudioVersion = 10.0.40219.1
Project("{FAE04EC0-301F-11D3-BF4B-00C04F79EFBC}") = "EquestriaCN_Test", "EquestriaCN_Test.csproj", "{A3A0DC02-4FCB-487B-988E-9F9E867E7777}"
EndProject
Global
	GlobalSection(SolutionConfigurationPlatforms) = preSolution
		Debug|ARM = Debug|ARM
		Debug|x64 = Debug|x64
		Debug|x86 = Debug|x86
		Release|ARM = Release|ARM
		Release|x64 = Release|x64
		Release|x86 = Release|x86
	EndGlobalSection
	GlobalSection(ProjectConfigurationPlatforms) = postSolution
		{A3A0DC02-4FCB-487B-988E-9F9E867E7777}.Debug|ARM.ActiveCfg = Debug|ARM
		{A3A0DC02-4FCB-487B-988E-9F9E867E7777}.Debug|ARM.Build.0 = Debug|ARM
		{A3A0DC02-4FCB-487B-988E-9F9E867E7777}.Debug|ARM.Deploy.0 = Debug|ARM
		{A3A0DC02-4FCB-487B-988E-9F9E867E7777}.Debug|x64.ActiveCfg = Debug|x64
		{A3A0DC02-4FCB-487B-988E-9F9E867E7777}.Debug|x64.Build.0 = Debug|x64
		{A3A0DC02-4FCB-487B-988E-9F9E867E7777}.Debug|x64.Deploy.0 = Debug|x64
		{A3A0DC02-4FCB-487B-988E-9F9E867E7777}.Debug|x86.ActiveCfg = Debug|x86
		{A3A0DC02-4FCB-487B-988E-9F9E867E7777}.Debug|x86.Build.0 = Debug|x86
		{A3A0DC02-4FCB-487B-988E-9F9E867E7777}.Debug|x86.Deploy.0 = Debug|x86
		{A3A0DC02-4FCB-487B-988E-9F9E867E7777}.Release|ARM.ActiveCfg = Release|ARM
		{A3A0DC02-4FCB-487B-988E-9F9E867E7777}.Release|ARM.Build.0 = Release|ARM
		{A3A0DC02-4FCB-487B-988E-9F9E867E7777}.Release|ARM.Deploy.0 = Release|ARM
		{A3A0DC02-4FCB-487B-988E-9F9E867E7777}.Release|x64.ActiveCfg = Release|x64
		{A3A0DC02-4FCB-487B-988E-9F9E867E7777}.Release|x64.Build.0 = Release|x64
		{A3A0DC02-4FCB-487B-988E-9F9E867E7777}.Release|x64.Deploy.0 = Release|x64
		{A3A0DC02-4FCB-487B-988E-9F9E867E7777}.Release|x86.ActiveCfg = Release|x86
		{A3A0DC02-4FCB-487B-988E-9F9E867E7777}.Release|x86.Build.0 = Release|x86
		{A3A0DC02-4FCB-487B-988E-9F9E867E7777}.Release|x86.Deploy.0 = Release|x86
	EndGlobalSection
	GlobalSection(SolutionProperties) = preSolution
		HideSolutionNode = FALSE
	EndGlobalSection
	GlobalSection(ExtensibilityGlobals) = postSolution
		SolutionGuid = {6A4B0754-4120-490B-84D2-1D23FA33E408}
	EndGlobalSection
EndGlobal
